
Microsoft Visual Studio Solution File, Format Version 12.00
# Visual Studio Version 16
VisualStudioVersion = 16.0.31515.178
MinimumVisualStudioVersion = 10.0.40219.1
Project("{9A19103F-16F7-4668-BE54-9A1E7A4F7556}") = "CenterEdge.Async", "CenterEdge.Async\CenterEdge.Async.csproj", "{A5F9E403-30A6-48B6-A880-70B158228838}"
EndProject
Project("{FAE04EC0-301F-11D3-BF4B-00C04F79EFBC}") = "CenterEdge.Async.UnitTests", "CenterEdge.Async.UnitTests\CenterEdge.Async.UnitTests.csproj", "{212DD573-77E3-48BE-87E2-59C5B8CE6F67}"
EndProject
Global
	GlobalSection(SolutionConfigurationPlatforms) = preSolution
		Debug|Any CPU = Debug|Any CPU
		Release|Any CPU = Release|Any CPU
	EndGlobalSection
	GlobalSection(ProjectConfigurationPlatforms) = postSolution
		{A5F9E403-30A6-48B6-A880-70B158228838}.Debug|Any CPU.ActiveCfg = Debug|Any CPU
		{A5F9E403-30A6-48B6-A880-70B158228838}.Debug|Any CPU.Build.0 = Debug|Any CPU
		{A5F9E403-30A6-48B6-A880-70B158228838}.Release|Any CPU.ActiveCfg = Release|Any CPU
		{A5F9E403-30A6-48B6-A880-70B158228838}.Release|Any CPU.Build.0 = Release|Any CPU
		{212DD573-77E3-48BE-87E2-59C5B8CE6F67}.Debug|Any CPU.ActiveCfg = Debug|Any CPU
		{212DD573-77E3-48BE-87E2-59C5B8CE6F67}.Debug|Any CPU.Build.0 = Debug|Any CPU
		{212DD573-77E3-48BE-87E2-59C5B8CE6F67}.Release|Any CPU.ActiveCfg = Release|Any CPU
		{212DD573-77E3-48BE-87E2-59C5B8CE6F67}.Release|Any CPU.Build.0 = Release|Any CPU
	EndGlobalSection
	GlobalSection(SolutionProperties) = preSolution
		HideSolutionNode = FALSE
	EndGlobalSection
	GlobalSection(ExtensibilityGlobals) = postSolution
		SolutionGuid = {70348002-5AA8-4656-AE95-8A6214D64BD2}
	EndGlobalSection
EndGlobal
